
Microsoft Visual Studio Solution File, Format Version 12.00
# Visual Studio Version 16
VisualStudioVersion = 16.0.31105.61
MinimumVisualStudioVersion = 10.0.40219.1
Project("{FAE04EC0-301F-11D3-BF4B-00C04F79EFBC}") = "CreateEntityModel", "CreateEntityModel\CreateEntityModel.csproj", "{5C41B5CB-B86C-4656-8BB2-27E2717D0180}"
EndProject
Global
	GlobalSection(SolutionConfigurationPlatforms) = preSolution
		Debug|Any CPU = Debug|Any CPU
		Release|Any CPU = Release|Any CPU
	EndGlobalSection
	GlobalSection(ProjectConfigurationPlatforms) = postSolution
		{5C41B5CB-B86C-4656-8BB2-27E2717D0180}.Debug|Any CPU.ActiveCfg = Debug|Any CPU
		{5C41B5CB-B86C-4656-8BB2-27E2717D0180}.Debug|Any CPU.Build.0 = Debug|Any CPU
		{5C41B5CB-B86C-4656-8BB2-27E2717D0180}.Release|Any CPU.ActiveCfg = Release|Any CPU
		{5C41B5CB-B86C-4656-8BB2-27E2717D0180}.Release|Any CPU.Build.0 = Release|Any CPU
	EndGlobalSection
	GlobalSection(SolutionProperties) = preSolution
		HideSolutionNode = FALSE
	EndGlobalSection
	GlobalSection(ExtensibilityGlobals) = postSolution
		SolutionGuid = {29CC427A-8615-413F-BC47-39F2F98FAE0A}
	EndGlobalSection
EndGlobal
